
Microsoft Visual Studio Solution File, Format Version 12.00
# Visual Studio Version 17
VisualStudioVersion = 17.0.31903.59
MinimumVisualStudioVersion = 10.0.40219.1
Project("{2150E333-8FDC-42A3-9474-1A3956D46DE8}") = "Api", "Api", "{56EDB5A9-ED3E-4162-A0DE-924912F93E81}"
EndProject
Project("{FAE04EC0-301F-11D3-BF4B-00C04F79EFBC}") = "UrlShortener.Api", "Api\UrlShortener.Api.csproj", "{7E44368A-B716-44F4-B959-EFBEBAC889BB}"
EndProject
Global
	GlobalSection(SolutionConfigurationPlatforms) = preSolution
		Debug|Any CPU = Debug|Any CPU
		Release|Any CPU = Release|Any CPU
	EndGlobalSection
	GlobalSection(ProjectConfigurationPlatforms) = postSolution
		{7E44368A-B716-44F4-B959-EFBEBAC889BB}.Debug|Any CPU.ActiveCfg = Debug|Any CPU
		{7E44368A-B716-44F4-B959-EFBEBAC889BB}.Debug|Any CPU.Build.0 = Debug|Any CPU
		{7E44368A-B716-44F4-B959-EFBEBAC889BB}.Release|Any CPU.ActiveCfg = Release|Any CPU
		{7E44368A-B716-44F4-B959-EFBEBAC889BB}.Release|Any CPU.Build.0 = Release|Any CPU
	EndGlobalSection
	GlobalSection(SolutionProperties) = preSolution
		HideSolutionNode = FALSE
	EndGlobalSection
	GlobalSection(NestedProjects) = preSolution
		{7E44368A-B716-44F4-B959-EFBEBAC889BB} = {56EDB5A9-ED3E-4162-A0DE-924912F93E81}
	EndGlobalSection
EndGlobal
